
Microsoft Visual Studio Solution File, Format Version 12.00
# Visual Studio Version 17
VisualStudioVersion = 17.6.33829.357
MinimumVisualStudioVersion = 10.0.40219.1
Project("{FAE04EC0-301F-11D3-BF4B-00C04F79EFBC}") = "RickAndMorty_API", "RickAndMorty_API.csproj", "{1C955562-4862-495C-BA80-9F7C0D6A9AF6}"
EndProject
Global
	GlobalSection(SolutionConfigurationPlatforms) = preSolution
		Debug|Any CPU = Debug|Any CPU
		Release|Any CPU = Release|Any CPU
	EndGlobalSection
	GlobalSection(ProjectConfigurationPlatforms) = postSolution
		{1C955562-4862-495C-BA80-9F7C0D6A9AF6}.Debug|Any CPU.ActiveCfg = Debug|Any CPU
		{1C955562-4862-495C-BA80-9F7C0D6A9AF6}.Debug|Any CPU.Build.0 = Debug|Any CPU
		{1C955562-4862-495C-BA80-9F7C0D6A9AF6}.Release|Any CPU.ActiveCfg = Release|Any CPU
		{1C955562-4862-495C-BA80-9F7C0D6A9AF6}.Release|Any CPU.Build.0 = Release|Any CPU
	EndGlobalSection
	GlobalSection(SolutionProperties) = preSolution
		HideSolutionNode = FALSE
	EndGlobalSection
	GlobalSection(ExtensibilityGlobals) = postSolution
		SolutionGuid = {C091D340-11D7-4961-A813-FF0FAFAA81CA}
	EndGlobalSection
EndGlobal
